// !$*UTF8*$!
{
	archiveVersion = 1;
	classes = {
	};
	objectVersion = 56;
	objects = {

/* Begin PBXBuildFile section */
		04B2B96D2E39072C005BD0A5 /* AppDelegate.swift in Sources */ = {isa = PBXBuildFile; fileRef = 04B2B96C2E39072C005BD0A5 /* AppDelegate.swift */; };
		04B2B96F2E39072C005BD0A5 /* SceneDelegate.swift in Sources */ = {isa = PBXBuildFile; fileRef = 04B2B96E2E39072C005BD0A5 /* SceneDelegate.swift */; };
		04B2B9712E39072C005BD0A5 /* ViewController.swift in Sources */ = {isa = PBXBuildFile; fileRef = 04B2B9702E39072C005BD0A5 /* ViewController.swift */; };
		04B2B9742E39072C005BD0A5 /* Main.storyboard in Resources */ = {isa = PBXBuildFile; fileRef = 04B2B9722E39072C005BD0A5 /* Main.storyboard */; };
		04B2B9762E39072E005BD0A5 /* Assets.xcassets in Resources */ = {isa = PBXBuildFile; fileRef = 04B2B9752E39072E005BD0A5 /* Assets.xcassets */; };
		04B2B9792E39072E005BD0A5 /* LaunchScreen.storyboard in Resources */ = {isa = PBXBuildFile; fileRef = 04B2B9772E39072E005BD0A5 /* LaunchScreen.storyboard */; };
		04B2B98B2E3B643E005BD0A5 /* Pods_SpinnnerButton.framework in Frameworks */ = {isa = PBXBuildFile; fileRef = 6DA7D89C75EAE8B64E8D1044 /* Pods_SpinnnerButton.framework */; };
/* End PBXBuildFile section */

/* Begin PBXFileReference section */
		04B2B9692E39072C005BD0A5 /* SpinnnerButton.app */ = {isa = PBXFileReference; explicitFileType = wrapper.application; includeInIndex = 0; path = SpinnnerButton.app; sourceTree = BUILT_PRODUCTS_DIR; };
		04B2B96C2E39072C005BD0A5 /* AppDelegate.swift */ = {isa = PBXFileReference; lastKnownFileType = sourcecode.swift; path = AppDelegate.swift; sourceTree = "<group>"; };
		04B2B96E2E39072C005BD0A5 /* SceneDelegate.swift */ = {isa = PBXFileReference; lastKnownFileType = sourcecode.swift; path = SceneDelegate.swift; sourceTree = "<group>"; };
		04B2B9702E39072C005BD0A5 /* ViewController.swift */ = {isa = PBXFileReference; lastKnownFileType = sourcecode.swift; path = ViewController.swift; sourceTree = "<group>"; };
		04B2B9732E39072C005BD0A5 /* Base */ = {isa = PBXFileReference; lastKnownFileType = file.storyboard; name = Base; path = Base.lproj/Main.storyboard; sourceTree = "<group>"; };
		04B2B9752E39072E005BD0A5 /* Assets.xcassets */ = {isa = PBXFileReference; lastKnownFileType = folder.assetcatalog; path = Assets.xcassets; sourceTree = "<group>"; };
		04B2B9782E39072E005BD0A5 /* Base */ = {isa = PBXFileReference; lastKnownFileType = file.storyboard; name = Base; path = Base.lproj/LaunchScreen.storyboard; sourceTree = "<group>"; };
		04B2B97A2E39072E005BD0A5 /* Info.plist */ = {isa = PBXFileReference; lastKnownFileType = text.plist.xml; path = Info.plist; sourceTree = "<group>"; };
		1FBFE082845B0A2047CC3139 /* Pods-SpinnnerButton.release.xcconfig */ = {isa = PBXFileReference; includeInIndex = 1; lastKnownFileType = text.xcconfig; name = "Pods-SpinnnerButton.release.xcconfig"; path = "Target Support Files/Pods-SpinnnerButton/Pods-SpinnnerButton.release.xcconfig"; sourceTree = "<group>"; };
		6DA7D89C75EAE8B64E8D1044 /* Pods_SpinnnerButton.framework */ = {isa = PBXFileReference; explicitFileType = wrapper.framework; includeInIndex = 0; path = Pods_SpinnnerButton.framework; sourceTree = BUILT_PRODUCTS_DIR; };
		DC824ACE068ABB4ADE9FDD19 /* Pods-SpinnnerButton.debug.xcconfig */ = {isa = PBXFileReference; includeInIndex = 1; lastKnownFileType = text.xcconfig; name = "Pods-SpinnnerButton.debug.xcconfig"; path = "Target Support Files/Pods-SpinnnerButton/Pods-SpinnnerButton.debug.xcconfig"; sourceTree = "<group>"; };
/* End PBXFileReference section */

/* Begin PBXFrameworksBuildPhase section */
		04B2B9662E39072C005BD0A5 /* Frameworks */ = {
			isa = PBXFrameworksBuildPhase;
			buildActionMask = 2147483647;
			files = (
				04B2B98B2E3B643E005BD0A5 /* Pods_SpinnnerButton.framework in Frameworks */,
			);
			runOnlyForDeploymentPostprocessing = 0;
		};
/* End PBXFrameworksBuildPhase section */

/* Begin PBXGroup section */
		04B2B9602E39072C005BD0A5 = {
			isa = PBXGroup;
			children = (
				04B2B96B2E39072C005BD0A5 /* SpinnnerButton */,
				04B2B96A2E39072C005BD0A5 /* Products */,
				9F21D9747CB01B10A4B7D30F /* Pods */,
				7DA17BC1EEAA22D7EF84233A /* Frameworks */,
			);
			sourceTree = "<group>";
		};
		04B2B96A2E39072C005BD0A5 /* Products */ = {
			isa = PBXGroup;
			children = (
				04B2B9692E39072C005BD0A5 /* SpinnnerButton.app */,
			);
			name = Products;
			sourceTree = "<group>";
		};
		04B2B96B2E39072C005BD0A5 /* SpinnnerButton */ = {
			isa = PBXGroup;
			children = (
				04B2B96C2E39072C005BD0A5 /* AppDelegate.swift */,
				04B2B96E2E39072C005BD0A5 /* SceneDelegate.swift */,
				04B2B9702E39072C005BD0A5 /* ViewController.swift */,
				04B2B9722E39072C005BD0A5 /* Main.storyboard */,
				04B2B9752E39072E005BD0A5 /* Assets.xcassets */,
				04B2B9772E39072E005BD0A5 /* LaunchScreen.storyboard */,
				04B2B97A2E39072E005BD0A5 /* Info.plist */,
			);
			path = SpinnnerButton;
			sourceTree = "<group>";
		};
		7DA17BC1EEAA22D7EF84233A /* Frameworks */ = {
			isa = PBXGroup;
			children = (
				6DA7D89C75EAE8B64E8D1044 /* Pods_SpinnnerButton.framework */,
			);
			name = Frameworks;
			sourceTree = "<group>";
		};
		9F21D9747CB01B10A4B7D30F /* Pods */ = {
			isa = PBXGroup;
			children = (
				DC824ACE068ABB4ADE9FDD19 /* Pods-SpinnnerButton.debug.xcconfig */,
				1FBFE082845B0A2047CC3139 /* Pods-SpinnnerButton.release.xcconfig */,
			);
			path = Pods;
			sourceTree = "<group>";
		};
/* End PBXGroup section */

/* Begin PBXNativeTarget section */
		04B2B9682E39072C005BD0A5 /* SpinnnerButton */ = {
			isa = PBXNativeTarget;
			buildConfigurationList = 04B2B97D2E39072E005BD0A5 /* Build configuration list for PBXNativeTarget "SpinnnerButton" */;
			buildPhases = (
				820EB5F031F6C767823A68D3 /* [CP] Check Pods Manifest.lock */,
				04B2B9652E39072C005BD0A5 /* Sources */,
				04B2B9662E39072C005BD0A5 /* Frameworks */,
				04B2B9672E39072C005BD0A5 /* Resources */,
				4933647DDFE2BFB202C760D4 /* [CP] Embed Pods Frameworks */,
			);
			buildRules = (
			);
			dependencies = (
			);
			name = SpinnnerButton;
			productName = SpinnnerButton;
			productReference = 04B2B9692E39072C005BD0A5 /* SpinnnerButton.app */;
			productType = "com.apple.product-type.application";
		};
/* End PBXNativeTarget section */

/* Begin PBXProject section */
		04B2B9612E39072C005BD0A5 /* Project object */ = {
			isa = PBXProject;
			attributes = {
				BuildIndependentTargetsInParallel = 1;
				LastSwiftUpdateCheck = 1520;
				LastUpgradeCheck = 1520;
				TargetAttributes = {
					04B2B9682E39072C005BD0A5 = {
						CreatedOnToolsVersion = 15.2;
					};
				};
			};
			buildConfigurationList = 04B2B9642E39072C005BD0A5 /* Build configuration list for PBXProject "SpinnnerButton" */;
			compatibilityVersion = "Xcode 14.0";
			developmentRegion = en;
			hasScannedForEncodings = 0;
			knownRegions = (
				en,
				Base,
			);
			mainGroup = 04B2B9602E39072C005BD0A5;
			productRefGroup = 04B2B96A2E39072C005BD0A5 /* Products */;
			projectDirPath = "";
			projectRoot = "";
			targets = (
				04B2B9682E39072C005BD0A5 /* SpinnnerButton */,
			);
		};
/* End PBXProject section */

/* Begin PBXResourcesBuildPhase section */
		04B2B9672E39072C005BD0A5 /* Resources */ = {
			isa = PBXResourcesBuildPhase;
			buildActionMask = 2147483647;
			files = (
				04B2B9792E39072E005BD0A5 /* LaunchScreen.storyboard in Resources */,
				04B2B9762E39072E005BD0A5 /* Assets.xcassets in Resources */,
				04B2B9742E39072C005BD0A5 /* Main.storyboard in Resources */,
			);
			runOnlyForDeploymentPostprocessing = 0;
		};
/* End PBXResourcesBuildPhase section */

/* Begin PBXShellScriptBuildPhase section */
		4933647DDFE2BFB202C760D4 /* [CP] Embed Pods Frameworks */ = {
			isa = PBXShellScriptBuildPhase;
			buildActionMask = 2147483647;
			files = (
			);
			inputFileListPaths = (
				"${PODS_ROOT}/Target Support Files/Pods-SpinnnerButton/Pods-SpinnnerButton-frameworks-${CONFIGURATION}-input-files.xcfilelist",
			);
			name = "[CP] Embed Pods Frameworks";
			outputFileListPaths = (
				"${PODS_ROOT}/Target Support Files/Pods-SpinnnerButton/Pods-SpinnnerButton-frameworks-${CONFIGURATION}-output-files.xcfilelist",
			);
			runOnlyForDeploymentPostprocessing = 0;
			shellPath = /bin/sh;
			shellScript = "\"${PODS_ROOT}/Target Support Files/Pods-SpinnnerButton/Pods-SpinnnerButton-frameworks.sh\"\n";
			showEnvVarsInLog = 0;
		};
		820EB5F031F6C767823A68D3 /* [CP] Check Pods Manifest.lock */ = {
			isa = PBXShellScriptBuildPhase;
			buildActionMask = 2147483647;
			files = (
			);
			inputFileListPaths = (
			);
			inputPaths = (
				"${PODS_PODFILE_DIR_PATH}/Podfile.lock",
				"${PODS_ROOT}/Manifest.lock",
			);
			name = "[CP] Check Pods Manifest.lock";
			outputFileListPaths = (
			);
			outputPaths = (
				"$(DERIVED_FILE_DIR)/Pods-SpinnnerButton-checkManifestLockResult.txt",
			);
			runOnlyForDeploymentPostprocessing = 0;
			shellPath = /bin/sh;
			shellScript = "diff \"${PODS_PODFILE_DIR_PATH}/Podfile.lock\" \"${PODS_ROOT}/Manifest.lock\" > /dev/null\nif [ $? != 0 ] ; then\n    # print error to STDERR\n    echo \"error: The sandbox is not in sync with the Podfile.lock. Run 'pod install' or update your CocoaPods installation.\" >&2\n    exit 1\nfi\n# This output is used by Xcode 'outputs' to avoid re-running this script phase.\necho \"SUCCESS\" > \"${SCRIPT_OUTPUT_FILE_0}\"\n";
			showEnvVarsInLog = 0;
		};
/* End PBXShellScriptBuildPhase section */

/* Begin PBXSourcesBuildPhase section */
		04B2B9652E39072C005BD0A5 /* Sources */ = {
			isa = PBXSourcesBuildPhase;
			buildActionMask = 2147483647;
			files = (
				04B2B9712E39072C005BD0A5 /* ViewController.swift in Sources */,
				04B2B96D2E39072C005BD0A5 /* AppDelegate.swift in Sources */,
				04B2B96F2E39072C005BD0A5 /* SceneDelegate.swift in Sources */,
			);
			runOnlyForDeploymentPostprocessing = 0;
		};
/* End PBXSourcesBuildPhase section */

/* Begin PBXVariantGroup section */
		04B2B9722E39072C005BD0A5 /* Main.storyboard */ = {
			isa = PBXVariantGroup;
			children = (
				04B2B9732E39072C005BD0A5 /* Base */,
			);
			name = Main.storyboard;
			sourceTree = "<group>";
		};
		04B2B9772E39072E005BD0A5 /* LaunchScreen.storyboard */ = {
			isa = PBXVariantGroup;
			children = (
				04B2B9782E39072E005BD0A5 /* Base */,
			);
			name = LaunchScreen.storyboard;
			sourceTree = "<group>";
		};
/* End PBXVariantGroup section */

/* Begin XCBuildConfiguration section */
		04B2B97B2E39072E005BD0A5 /* Debug */ = {
			isa = XCBuildConfiguration;
			buildSettings = {
				ALWAYS_SEARCH_USER_PATHS = NO;
				ASSETCATALOG_COMPILER_GENERATE_SWIFT_ASSET_SYMBOL_EXTENSIONS = YES;
				CLANG_ANALYZER_NONNULL = YES;
				CLANG_ANALYZER_NUMBER_OBJECT_CONVERSION = YES_AGGRESSIVE;
				CLANG_CXX_LANGUAGE_STANDARD = "gnu++20";
				CLANG_ENABLE_MODULES = YES;
				CLANG_ENABLE_OBJC_ARC = YES;
				CLANG_ENABLE_OBJC_WEAK = YES;
				CLANG_WARN_BLOCK_CAPTURE_AUTORELEASING = YES;
				CLANG_WARN_BOOL_CONVERSION = YES;
				CLANG_WARN_COMMA = YES;
				CLANG_WARN_CONSTANT_CONVERSION = YES;
				CLANG_WARN_DEPRECATED_OBJC_IMPLEMENTATIONS = YES;
				CLANG_WARN_DIRECT_OBJC_ISA_USAGE = YES_ERROR;
				CLANG_WARN_DOCUMENTATION_COMMENTS = YES;
				CLANG_WARN_EMPTY_BODY = YES;
				CLANG_WARN_ENUM_CONVERSION = YES;
				CLANG_WARN_INFINITE_RECURSION = YES;
				CLANG_WARN_INT_CONVERSION = YES;
				CLANG_WARN_NON_LITERAL_NULL_CONVERSION = YES;
				CLANG_WARN_OBJC_IMPLICIT_RETAIN_SELF = YES;
				CLANG_WARN_OBJC_LITERAL_CONVERSION = YES;
				CLANG_WARN_OBJC_ROOT_CLASS = YES_ERROR;
				CLANG_WARN_QUOTED_INCLUDE_IN_FRAMEWORK_HEADER = YES;
				CLANG_WARN_RANGE_LOOP_ANALYSIS = YES;
				CLANG_WARN_STRICT_PROTOTYPES = YES;
				CLANG_WARN_SUSPICIOUS_MOVE = YES;
				CLANG_WARN_UNGUARDED_AVAILABILITY = YES_AGGRESSIVE;
				CLANG_WARN_UNREACHABLE_CODE = YES;
				CLANG_WARN__DUPLICATE_METHOD_MATCH = YES;
				COPY_PHASE_STRIP = NO;
				DEBUG_INFORMATION_FORMAT = dwarf;
				ENABLE_STRICT_OBJC_MSGSEND = YES;
				ENABLE_TESTABILITY = YES;
				ENABLE_USER_SCRIPT_SANDBOXING = YES;
				GCC_C_LANGUAGE_STANDARD = gnu17;
				GCC_DYNAMIC_NO_PIC = NO;
				GCC_NO_COMMON_BLOCKS = YES;
				GCC_OPTIMIZATION_LEVEL = 0;
				GCC_PREPROCESSOR_DEFINITIONS = (
					"DEBUG=1",
					"$(inherited)",
				);
				GCC_WARN_64_TO_32_BIT_CONVERSION = YES;
				GCC_WARN_ABOUT_RETURN_TYPE = YES_ERROR;
				GCC_WARN_UNDECLARED_SELECTOR = YES;
				GCC_WARN_UNINITIALIZED_AUTOS = YES_AGGRESSIVE;
				GCC_WARN_UNUSED_FUNCTION = YES;
				GCC_WARN_UNUSED_VARIABLE = YES;
				GENERATE_INFOPLIST_FILE = NO;
				IPHONEOS_DEPLOYMENT_TARGET = 17.2;
				LOCALIZATION_PREFERS_STRING_CATALOGS = YES;
				MTL_ENABLE_DEBUG_INFO = INCLUDE_SOURCE;
				MTL_FAST_MATH = YES;
				ONLY_ACTIVE_ARCH = YES;
				SDKROOT = iphoneos;
				SWIFT_ACTIVE_COMPILATION_CONDITIONS = "DEBUG $(inherited)";
				SWIFT_OPTIMIZATION_LEVEL = "-Onone";
			};
			name = Debug;
		};
		04B2B97C2E39072E005BD0A5 /* Release */ = {
			isa = XCBuildConfiguration;
			buildSettings = {
				ALWAYS_SEARCH_USER_PATHS = NO;
				ASSETCATALOG_COMPILER_GENERATE_SWIFT_ASSET_SYMBOL_EXTENSIONS = YES;
				CLANG_ANALYZER_NONNULL = YES;
				CLANG_ANALYZER_NUMBER_OBJECT_CONVERSION = YES_AGGRESSIVE;
				CLANG_CXX_LANGUAGE_STANDARD = "gnu++20";
				CLANG_ENABLE_MODULES = YES;
				CLANG_ENABLE_OBJC_ARC = YES;
				CLANG_ENABLE_OBJC_WEAK = YES;
				CLANG_WARN_BLOCK_CAPTURE_AUTORELEASING = YES;
				CLANG_WARN_BOOL_CONVERSION = YES;
				CLANG_WARN_COMMA = YES;
				CLANG_WARN_CONSTANT_CONVERSION = YES;
				CLANG_WARN_DEPRECATED_OBJC_IMPLEMENTATIONS = YES;
				CLANG_WARN_DIRECT_OBJC_ISA_USAGE = YES_ERROR;
				CLANG_WARN_DOCUMENTATION_COMMENTS = YES;
				CLANG_WARN_EMPTY_BODY = YES;
				CLANG_WARN_ENUM_CONVERSION = YES;
				CLANG_WARN_INFINITE_RECURSION = YES;
				CLANG_WARN_INT_CONVERSION = YES;
				CLANG_WARN_NON_LITERAL_NULL_CONVERSION = YES;
				CLANG_WARN_OBJC_IMPLICIT_RETAIN_SELF = YES;
				CLANG_WARN_OBJC_LITERAL_CONVERSION = YES;
				CLANG_WARN_OBJC_ROOT_CLASS = YES_ERROR;
				CLANG_WARN_QUOTED_INCLUDE_IN_FRAMEWORK_HEADER = YES;
				CLANG_WARN_RANGE_LOOP_ANALYSIS = YES;
				CLANG_WARN_STRICT_PROTOTYPES = YES;
				CLANG_WARN_SUSPICIOUS_MOVE = YES;
				CLANG_WARN_UNGUARDED_AVAILABILITY = YES_AGGRESSIVE;
				CLANG_WARN_UNREACHABLE_CODE = YES;
				CLANG_WARN__DUPLICATE_METHOD_MATCH = YES;
				COPY_PHASE_STRIP = NO;
				DEBUG_INFORMATION_FORMAT = "dwarf-with-dsym";
				ENABLE_NS_ASSERTIONS = NO;
				ENABLE_STRICT_OBJC_MSGSEND = YES;
				ENABLE_USER_SCRIPT_SANDBOXING = YES;
				GCC_C_LANGUAGE_STANDARD = gnu17;
				GCC_NO_COMMON_BLOCKS = YES;
				GCC_WARN_64_TO_32_BIT_CONVERSION = YES;
				GCC_WARN_ABOUT_RETURN_TYPE = YES_ERROR;
				GCC_WARN_UNDECLARED_SELECTOR = YES;
				GCC_WARN_UNINITIALIZED_AUTOS = YES_AGGRESSIVE;
				GCC_WARN_UNUSED_FUNCTION = YES;
				GCC_WARN_UNUSED_VARIABLE = YES;
				GENERATE_INFOPLIST_FILE = NO;
				IPHONEOS_DEPLOYMENT_TARGET = 17.2;
				LOCALIZATION_PREFERS_STRING_CATALOGS = YES;
				MTL_ENABLE_DEBUG_INFO = NO;
				MTL_FAST_MATH = YES;
				SDKROOT = iphoneos;
				SWIFT_COMPILATION_MODE = wholemodule;
				VALIDATE_PRODUCT = YES;
			};
			name = Release;
		};
		04B2B97E2E39072E005BD0A5 /* Debug */ = {
			isa = XCBuildConfiguration;
			baseConfigurationReference = DC824ACE068ABB4ADE9FDD19 /* Pods-SpinnnerButton.debug.xcconfig */;
			buildSettings = {
				ASSETCATALOG_COMPILER_APPICON_NAME = AppIcon;
				ASSETCATALOG_COMPILER_GLOBAL_ACCENT_COLOR_NAME = AccentColor;
				CODE_SIGN_STYLE = Automatic;
				CURRENT_PROJECT_VERSION = 1;
				ENABLE_USER_SCRIPT_SANDBOXING = NO;
				GENERATE_INFOPLIST_FILE = YES;
				INFOPLIST_FILE = SpinnnerButton/Info.plist;
				INFOPLIST_KEY_UIApplicationSupportsIndirectInputEvents = YES;
				INFOPLIST_KEY_UILaunchStoryboardName = LaunchScreen;
				INFOPLIST_KEY_UIMainStoryboardFile = Main;
				INFOPLIST_KEY_UISupportedInterfaceOrientations_iPad = "UIInterfaceOrientationPortrait UIInterfaceOrientationPortraitUpsideDown UIInterfaceOrientationLandscapeLeft UIInterfaceOrientationLandscapeRight";
				INFOPLIST_KEY_UISupportedInterfaceOrientations_iPhone = "UIInterfaceOrientationPortrait UIInterfaceOrientationLandscapeLeft UIInterfaceOrientationLandscapeRight";
				LD_RUNPATH_SEARCH_PATHS = (
					"$(inherited)",
					"@executable_path/Frameworks",
				);
				MARKETING_VERSION = 1.0;
				PRODUCT_BUNDLE_IDENTIFIER = "Article-Data.name.SpinnnerButton";
				PRODUCT_NAME = "$(TARGET_NAME)";
				SWIFT_EMIT_LOC_STRINGS = YES;
				SWIFT_VERSION = 5.0;
				TARGETED_DEVICE_FAMILY = "1,2";
			};
			name = Debug;
		};
		04B2B97F2E39072E005BD0A5 /* Release */ = {
			isa = XCBuildConfiguration;
			baseConfigurationReference = 1FBFE082845B0A2047CC3139 /* Pods-SpinnnerButton.release.xcconfig */;
			buildSettings = {
				ASSETCATALOG_COMPILER_APPICON_NAME = AppIcon;
				ASSETCATALOG_COMPILER_GLOBAL_ACCENT_COLOR_NAME = AccentColor;
				CODE_SIGN_STYLE = Automatic;
				CURRENT_PROJECT_VERSION = 1;
				ENABLE_USER_SCRIPT_SANDBOXING = NO;
				GENERATE_INFOPLIST_FILE = YES;
				INFOPLIST_FILE = SpinnnerButton/Info.plist;
				INFOPLIST_KEY_UIApplicationSupportsIndirectInputEvents = YES;
				INFOPLIST_KEY_UILaunchStoryboardName = LaunchScreen;
				INFOPLIST_KEY_UIMainStoryboardFile = Main;
				INFOPLIST_KEY_UISupportedInterfaceOrientations_iPad = "UIInterfaceOrientationPortrait UIInterfaceOrientationPortraitUpsideDown UIInterfaceOrientationLandscapeLeft UIInterfaceOrientationLandscapeRight";
				INFOPLIST_KEY_UISupportedInterfaceOrientations_iPhone = "UIInterfaceOrientationPortrait UIInterfaceOrientationLandscapeLeft UIInterfaceOrientationLandscapeRight";
				LD_RUNPATH_SEARCH_PATHS = (
					"$(inherited)",
					"@executable_path/Frameworks",
				);
				MARKETING_VERSION = 1.0;
				PRODUCT_BUNDLE_IDENTIFIER = "Article-Data.name.SpinnnerButton";
				PRODUCT_NAME = "$(TARGET_NAME)";
				SWIFT_EMIT_LOC_STRINGS = YES;
				SWIFT_VERSION = 5.0;
				TARGETED_DEVICE_FAMILY = "1,2";
			};
			name = Release;
		};
/* End XCBuildConfiguration section */

/* Begin XCConfigurationList section */
		04B2B9642E39072C005BD0A5 /* Build configuration list for PBXProject "SpinnnerButton" */ = {
			isa = XCConfigurationList;
			buildConfigurations = (
				04B2B97B2E39072E005BD0A5 /* Debug */,
				04B2B97C2E39072E005BD0A5 /* Release */,
			);
			defaultConfigurationIsVisible = 0;
			defaultConfigurationName = Release;
		};
		04B2B97D2E39072E005BD0A5 /* Build configuration list for PBXNativeTarget "SpinnnerButton" */ = {
			isa = XCConfigurationList;
			buildConfigurations = (
				04B2B97E2E39072E005BD0A5 /* Debug */,
				04B2B97F2E39072E005BD0A5 /* Release */,
			);
			defaultConfigurationIsVisible = 0;
			defaultConfigurationName = Release;
		};
/* End XCConfigurationList section */
	};
	rootObject = 04B2B9612E39072C005BD0A5 /* Project object */;
}
